[[dependencies]]
name = "@openzeppelin-contracts"
version = "4.7.0"
url = "https://github.com/OpenZeppelin/openzeppelin-contracts/archive/refs/tags/v4.7.0.zip"
checksum = "7a88a52b70872f3e428e595a03aed77c3323b118338d7256ce57dfc99eeab9e9"
integrity = "40bc5e663f19cf42c5ab0ddfc049ca44d58a9f1236cef417c370af79fa8ac3a7"
